// !$*UTF8*$!
{
	archiveVersion = 1;
	classes = {
	};
	objectVersion = 46;
	objects = {

/* Begin PBXBuildFile section */
		D5946D441DD68C760016A906 /* AppDelegate.swift in Sources */ = {isa = PBXBuildFile; fileRef = D5946D431DD68C760016A906 /* AppDelegate.swift */; };
		D5946D461DD68C760016A906 /* ViewController.swift in Sources */ = {isa = PBXBuildFile; fileRef = D5946D451DD68C760016A906 /* ViewController.swift */; };
		D5946D491DD68C760016A906 /* Main.storyboard in Resources */ = {isa = PBXBuildFile; fileRef = D5946D471DD68C760016A906 /* Main.storyboard */; };
		D5946D4B1DD68C760016A906 /* Assets.xcassets in Resources */ = {isa = PBXBuildFile; fileRef = D5946D4A1DD68C760016A906 /* Assets.xcassets */; };
		D5946D4E1DD68C760016A906 /* LaunchScreen.storyboard in Resources */ = {isa = PBXBuildFile; fileRef = D5946D4C1DD68C760016A906 /* LaunchScreen.storyboard */; };
		D5946D561DD6916F0016A906 /* audreyII.jpg in Resources */ = {isa = PBXBuildFile; fileRef = D5946D551DD6916F0016A906 /* audreyII.jpg */; };
		D5946D581DD6917F0016A906 /* hugeAudrey.jpg in Resources */ = {isa = PBXBuildFile; fileRef = D5946D571DD6917F0016A906 /* hugeAudrey.jpg */; };
		D5946D5A1DD691890016A906 /* smallAudreyII.png in Resources */ = {isa = PBXBuildFile; fileRef = D5946D591DD691890016A906 /* smallAudreyII.png */; };
/* End PBXBuildFile section */

/* Begin PBXFileReference section */
		D5946D401DD68C760016A906 /* VerticalLayouts.app */ = {isa = PBXFileReference; explicitFileType = wrapper.application; includeInIndex = 0; path = VerticalLayouts.app; sourceTree = BUILT_PRODUCTS_DIR; };
		D5946D431DD68C760016A906 /* AppDelegate.swift */ = {isa = PBXFileReference; lastKnownFileType = sourcecode.swift; path = AppDelegate.swift; sourceTree = "<group>"; };
		D5946D451DD68C760016A906 /* ViewController.swift */ = {isa = PBXFileReference; lastKnownFileType = sourcecode.swift; path = ViewController.swift; sourceTree = "<group>"; };
		D5946D481DD68C760016A906 /* Base */ = {isa = PBXFileReference; lastKnownFileType = file.storyboard; name = Base; path = Base.lproj/Main.storyboard; sourceTree = "<group>"; };
		D5946D4A1DD68C760016A906 /* Assets.xcassets */ = {isa = PBXFileReference; lastKnownFileType = folder.assetcatalog; path = Assets.xcassets; sourceTree = "<group>"; };
		D5946D4D1DD68C760016A906 /* Base */ = {isa = PBXFileReference; lastKnownFileType = file.storyboard; name = Base; path = Base.lproj/LaunchScreen.storyboard; sourceTree = "<group>"; };
		D5946D4F1DD68C760016A906 /* Info.plist */ = {isa = PBXFileReference; lastKnownFileType = text.plist.xml; path = Info.plist; sourceTree = "<group>"; };
		D5946D551DD6916F0016A906 /* audreyII.jpg */ = {isa = PBXFileReference; lastKnownFileType = image.jpeg; path = audreyII.jpg; sourceTree = "<group>"; };
		D5946D571DD6917F0016A906 /* hugeAudrey.jpg */ = {isa = PBXFileReference; lastKnownFileType = image.jpeg; path = hugeAudrey.jpg; sourceTree = "<group>"; };
		D5946D591DD691890016A906 /* smallAudreyII.png */ = {isa = PBXFileReference; lastKnownFileType = image.png; path = smallAudreyII.png; sourceTree = "<group>"; };
/* End PBXFileReference section */

/* Begin PBXFrameworksBuildPhase section */
		D5946D3D1DD68C760016A906 /* Frameworks */ = {
			isa = PBXFrameworksBuildPhase;
			buildActionMask = 2147483647;
			files = (
			);
			runOnlyForDeploymentPostprocessing = 0;
		};
/* End PBXFrameworksBuildPhase section */

/* Begin PBXGroup section */
		D5946D371DD68C760016A906 = {
			isa = PBXGroup;
			children = (
				D5946D421DD68C760016A906 /* VerticalLayouts */,
				D5946D411DD68C760016A906 /* Products */,
			);
			sourceTree = "<group>";
		};
		D5946D411DD68C760016A906 /* Products */ = {
			isa = PBXGroup;
			children = (
				D5946D401DD68C760016A906 /* VerticalLayouts.app */,
			);
			name = Products;
			sourceTree = "<group>";
		};
		D5946D421DD68C760016A906 /* VerticalLayouts */ = {
			isa = PBXGroup;
			children = (
				D5946D551DD6916F0016A906 /* audreyII.jpg */,
				D5946D591DD691890016A906 /* smallAudreyII.png */,
				D5946D571DD6917F0016A906 /* hugeAudrey.jpg */,
				D5946D431DD68C760016A906 /* AppDelegate.swift */,
				D5946D451DD68C760016A906 /* ViewController.swift */,
				D5946D471DD68C760016A906 /* Main.storyboard */,
				D5946D4A1DD68C760016A906 /* Assets.xcassets */,
				D5946D4C1DD68C760016A906 /* LaunchScreen.storyboard */,
				D5946D4F1DD68C760016A906 /* Info.plist */,
			);
			path = VerticalLayouts;
			sourceTree = "<group>";
		};
/* End PBXGroup section */

/* Begin PBXNativeTarget section */
		D5946D3F1DD68C760016A906 /* VerticalLayouts */ = {
			isa = PBXNativeTarget;
			buildConfigurationList = D5946D521DD68C760016A906 /* Build configuration list for PBXNativeTarget "VerticalLayouts" */;
			buildPhases = (
				D5946D3C1DD68C760016A906 /* Sources */,
				D5946D3D1DD68C760016A906 /* Frameworks */,
				D5946D3E1DD68C760016A906 /* Resources */,
			);
			buildRules = (
			);
			dependencies = (
			);
			name = VerticalLayouts;
			productName = VerticalLayouts;
			productReference = D5946D401DD68C760016A906 /* VerticalLayouts.app */;
			productType = "com.apple.product-type.application";
		};
/* End PBXNativeTarget section */

/* Begin PBXProject section */
		D5946D381DD68C760016A906 /* Project object */ = {
			isa = PBXProject;
			attributes = {
				LastSwiftUpdateCheck = 0800;
				LastUpgradeCheck = 0800;
				ORGANIZATIONNAME = Udacity;
				TargetAttributes = {
					D5946D3F1DD68C760016A906 = {
						CreatedOnToolsVersion = 8.0;
						ProvisioningStyle = Automatic;
					};
				};
			};
			buildConfigurationList = D5946D3B1DD68C760016A906 /* Build configuration list for PBXProject "VerticalLayouts" */;
			compatibilityVersion = "Xcode 3.2";
			developmentRegion = English;
			hasScannedForEncodings = 0;
			knownRegions = (
				en,
				Base,
			);
			mainGroup = D5946D371DD68C760016A906;
			productRefGroup = D5946D411DD68C760016A906 /* Products */;
			projectDirPath = "";
			projectRoot = "";
			targets = (
				D5946D3F1DD68C760016A906 /* VerticalLayouts */,
			);
		};
/* End PBXProject section */

/* Begin PBXResourcesBuildPhase section */
		D5946D3E1DD68C760016A906 /* Resources */ = {
			isa = PBXResourcesBuildPhase;
			buildActionMask = 2147483647;
			files = (
				D5946D4E1DD68C760016A906 /* LaunchScreen.storyboard in Resources */,
				D5946D4B1DD68C760016A906 /* Assets.xcassets in Resources */,
				D5946D5A1DD691890016A906 /* smallAudreyII.png in Resources */,
				D5946D581DD6917F0016A906 /* hugeAudrey.jpg in Resources */,
				D5946D561DD6916F0016A906 /* audreyII.jpg in Resources */,
				D5946D491DD68C760016A906 /* Main.storyboard in Resources */,
			);
			runOnlyForDeploymentPostprocessing = 0;
		};
/* End PBXResourcesBuildPhase section */

/* Begin PBXSourcesBuildPhase section */
		D5946D3C1DD68C760016A906 /* Sources */ = {
			isa = PBXSourcesBuildPhase;
			buildActionMask = 2147483647;
			files = (
				D5946D461DD68C760016A906 /* ViewController.swift in Sources */,
				D5946D441DD68C760016A906 /* AppDelegate.swift in Sources */,
			);
			runOnlyForDeploymentPostprocessing = 0;
		};
/* End PBXSourcesBuildPhase section */

/* Begin PBXVariantGroup section */
		D5946D471DD68C760016A906 /* Main.storyboard */ = {
			isa = PBXVariantGroup;
			children = (
				D5946D481DD68C760016A906 /* Base */,
			);
			name = Main.storyboard;
			sourceTree = "<group>";
		};
		D5946D4C1DD68C760016A906 /* LaunchScreen.storyboard */ = {
			isa = PBXVariantGroup;
			children = (
				D5946D4D1DD68C760016A906 /* Base */,
			);
			name = LaunchScreen.storyboard;
			sourceTree = "<group>";
		};
/* End PBXVariantGroup section */

/* Begin XCBuildConfiguration section */
		D5946D501DD68C760016A906 /* Debug */ = {
			isa = XCBuildConfiguration;
			buildSettings = {
				ALWAYS_SEARCH_USER_PATHS = NO;
				CLANG_ANALYZER_NONNULL = YES;
				CLANG_CXX_LANGUAGE_STANDARD = "gnu++0x";
				CLANG_CXX_LIBRARY = "libc++";
				CLANG_ENABLE_MODULES = YES;
				CLANG_ENABLE_OBJC_ARC = YES;
				CLANG_WARN_BOOL_CONVERSION = YES;
				CLANG_WARN_CONSTANT_CONVERSION = YES;
				CLANG_WARN_DIRECT_OBJC_ISA_USAGE = YES_ERROR;
				CLANG_WARN_DOCUMENTATION_COMMENTS = YES;
				CLANG_WARN_EMPTY_BODY = YES;
				CLANG_WARN_ENUM_CONVERSION = YES;
				CLANG_WARN_INFINITE_RECURSION = YES;
				CLANG_WARN_INT_CONVERSION = YES;
				CLANG_WARN_OBJC_ROOT_CLASS = YES_ERROR;
				CLANG_WARN_SUSPICIOUS_MOVES = YES;
				CLANG_WARN_UNREACHABLE_CODE = YES;
				CLANG_WARN__DUPLICATE_METHOD_MATCH = YES;
				"CODE_SIGN_IDENTITY[sdk=iphoneos*]" = "iPhone Developer";
				COPY_PHASE_STRIP = NO;
				DEBUG_INFORMATION_FORMAT = dwarf;
				ENABLE_STRICT_OBJC_MSGSEND = YES;
				ENABLE_TESTABILITY = YES;
				GCC_C_LANGUAGE_STANDARD = gnu99;
				GCC_DYNAMIC_NO_PIC = NO;
				GCC_NO_COMMON_BLOCKS = YES;
				GCC_OPTIMIZATION_LEVEL = 0;
				GCC_PREPROCESSOR_DEFINITIONS = (
					"DEBUG=1",
					"$(inherited)",
				);
				GCC_WARN_64_TO_32_BIT_CONVERSION = YES;
				GCC_WARN_ABOUT_RETURN_TYPE = YES_ERROR;
				GCC_WARN_UNDECLARED_SELECTOR = YES;
				GCC_WARN_UNINITIALIZED_AUTOS = YES_AGGRESSIVE;
				GCC_WARN_UNUSED_FUNCTION = YES;
				GCC_WARN_UNUSED_VARIABLE = YES;
				IPHONEOS_DEPLOYMENT_TARGET = 10.0;
				MTL_ENABLE_DEBUG_INFO = YES;
				ONLY_ACTIVE_ARCH = YES;
				SDKROOT = iphoneos;
				SWIFT_ACTIVE_COMPILATION_CONDITIONS = DEBUG;
				SWIFT_OPTIMIZATION_LEVEL = "-Onone";
				TARGETED_DEVICE_FAMILY = "1,2";
			};
			name = Debug;
		};
		D5946D511DD68C760016A906 /* Release */ = {
			isa = XCBuildConfiguration;
			buildSettings = {
				ALWAYS_SEARCH_USER_PATHS = NO;
				CLANG_ANALYZER_NONNULL = YES;
				CLANG_CXX_LANGUAGE_STANDARD = "gnu++0x";
				CLANG_CXX_LIBRARY = "libc++";
				CLANG_ENABLE_MODULES = YES;
				CLANG_ENABLE_OBJC_ARC = YES;
				CLANG_WARN_BOOL_CONVERSION = YES;
				CLANG_WARN_CONSTANT_CONVERSION = YES;
				CLANG_WARN_DIRECT_OBJC_ISA_USAGE = YES_ERROR;
				CLANG_WARN_DOCUMENTATION_COMMENTS = YES;
				CLANG_WARN_EMPTY_BODY = YES;
				CLANG_WARN_ENUM_CONVERSION = YES;
				CLANG_WARN_INFINITE_RECURSION = YES;
				CLANG_WARN_INT_CONVERSION = YES;
				CLANG_WARN_OBJC_ROOT_CLASS = YES_ERROR;
				CLANG_WARN_SUSPICIOUS_MOVES = YES;
				CLANG_WARN_UNREACHABLE_CODE = YES;
				CLANG_WARN__DUPLICATE_METHOD_MATCH = YES;
				"CODE_SIGN_IDENTITY[sdk=iphoneos*]" = "iPhone Developer";
				COPY_PHASE_STRIP = NO;
				DEBUG_INFORMATION_FORMAT = "dwarf-with-dsym";
				ENABLE_NS_ASSERTIONS = NO;
				ENABLE_STRICT_OBJC_MSGSEND = YES;
				GCC_C_LANGUAGE_STANDARD = gnu99;
				GCC_NO_COMMON_BLOCKS = YES;
				GCC_WARN_64_TO_32_BIT_CONVERSION = YES;
				GCC_WARN_ABOUT_RETURN_TYPE = YES_ERROR;
				GCC_WARN_UNDECLARED_SELECTOR = YES;
				GCC_WARN_UNINITIALIZED_AUTOS = YES_AGGRESSIVE;
				GCC_WARN_UNUSED_FUNCTION = YES;
				GCC_WARN_UNUSED_VARIABLE = YES;
				IPHONEOS_DEPLOYMENT_TARGET = 10.0;
				MTL_ENABLE_DEBUG_INFO = NO;
				SDKROOT = iphoneos;
				SWIFT_OPTIMIZATION_LEVEL = "-Owholemodule";
				TARGETED_DEVICE_FAMILY = "1,2";
				VALIDATE_PRODUCT = YES;
			};
			name = Release;
		};
		D5946D531DD68C760016A906 /* Debug */ = {
			isa = XCBuildConfiguration;
			buildSettings = {
				ASSETCATALOG_COMPILER_APPICON_NAME = AppIcon;
				INFOPLIST_FILE = VerticalLayouts/Info.plist;
				LD_RUNPATH_SEARCH_PATHS = "$(inherited) @executable_path/Frameworks";
				PRODUCT_BUNDLE_IDENTIFIER = com.udacity.VerticalLayouts;
				PRODUCT_NAME = "$(TARGET_NAME)";
				SWIFT_VERSION = 3.0;
			};
			name = Debug;
		};
		D5946D541DD68C760016A906 /* Release */ = {
			isa = XCBuildConfiguration;
			buildSettings = {
				ASSETCATALOG_COMPILER_APPICON_NAME = AppIcon;
				INFOPLIST_FILE = VerticalLayouts/Info.plist;
				LD_RUNPATH_SEARCH_PATHS = "$(inherited) @executable_path/Frameworks";
				PRODUCT_BUNDLE_IDENTIFIER = com.udacity.VerticalLayouts;
				PRODUCT_NAME = "$(TARGET_NAME)";
				SWIFT_VERSION = 3.0;
			};
			name = Release;
		};
/* End XCBuildConfiguration section */

/* Begin XCConfigurationList section */
		D5946D3B1DD68C760016A906 /* Build configuration list for PBXProject "VerticalLayouts" */ = {
			isa = XCConfigurationList;
			buildConfigurations = (
				D5946D501DD68C760016A906 /* Debug */,
				D5946D511DD68C760016A906 /* Release */,
			);
			defaultConfigurationIsVisible = 0;
			defaultConfigurationName = Release;
		};
		D5946D521DD68C760016A906 /* Build configuration list for PBXNativeTarget "VerticalLayouts" */ = {
			isa = XCConfigurationList;
			buildConfigurations = (
				D5946D531DD68C760016A906 /* Debug */,
				D5946D541DD68C760016A906 /* Release */,
			);
			defaultConfigurationIsVisible = 0;
		};
/* End XCConfigurationList section */
	};
	rootObject = D5946D381DD68C760016A906 /* Project object */;
}
